<?xml version="1.0" encoding="utf-8"?>
<Project ToolsVersion="4.0" xmlns="http://schemas.microsoft.com/developer/msbuild/2003">
  <ItemGroup>
    <Filter Include="Source Files">
      <UniqueIdentifier>{4FC737F1-C7A5-4376-A066-2A32D752A2FF}</UniqueIdentifier>
      <Extensions>cpp;c;cc;cxx;c++;cppm;ixx;def;odl;idl;hpj;bat;asm;asmx</Extensions>
    </Filter>
    <Filter Include="Header Files">
      <UniqueIdentifier>{93995380-89BD-4b04-88EB-625FBE52EBFB}</UniqueIdentifier>
      <Extensions>h;hh;hpp;hxx;h++;hm;inl;inc;ipp;xsd</Extensions>
    </Filter>
    <Filter Include="Resource Files">
      <UniqueIdentifier>{67DA6AB6-F800-4c08-8B7A-83BB121AAD01}</UniqueIdentifier>
      <Extensions>rc;ico;cur;bmp;dlg;rc2;rct;bin;rgs;gif;jpg;jpeg;jpe;resx;tiff;tif;png;wav;mfcribbon-ms</Extensions>
    </Filter>
    <Filter Include="_Shaders">
      <UniqueIdentifier>{bfe21a83-fe13-42d4-ba88-e48fbbc7f924}</UniqueIdentifier>
    </Filter>
    <Filter Include="_Html">
      <UniqueIdentifier>{f7ad7b3c-fbdc-4641-8316-1455d6426f14}</UniqueIdentifier>
    </Filter>
  </ItemGroup>
  <ItemGroup>
    <ClInclude Include="framework.h">
      <Filter>Header Files</Filter>
    </ClInclude>
    <ClInclude Include="targetver.h">
      <Filter>Header Files</Filter>
    </ClInclude>
    <ClInclude Include="Resource.h">
      <Filter>Header Files</Filter>
    </ClInclude>
    <ClInclude Include="CGraphicsAdapter.h">
      <Filter>Header Files</Filter>
    </ClInclude>
    <ClInclude Include="CD3D11On12.h">
      <Filter>Header Files</Filter>
    </ClInclude>
    <ClInclude Include="CDepthBuffer.h">
      <Filter>Header Files</Filter>
    </ClInclude>
    <ClInclude Include="CRenderTarget.h">
      <Filter>Header Files</Filter>
    </ClInclude>
    <ClInclude Include="CViewport.h">
      <Filter>Header Files</Filter>
    </ClInclude>
    <ClInclude Include="CCommandListGroup.h">
      <Filter>Header Files</Filter>
    </ClInclude>
    <ClInclude Include="CFont.h">
      <Filter>Header Files</Filter>
    </ClInclude>
    <ClInclude Include="CFontManager.h">
      <Filter>Header Files</Filter>
    </ClInclude>
    <ClInclude Include="CClient.h">
      <Filter>Header Files</Filter>
    </ClInclude>
    <ClInclude Include="CTerrain.h">
      <Filter>Header Files</Filter>
    </ClInclude>
    <ClInclude Include="CObject.h">
      <Filter>Header Files</Filter>
    </ClInclude>
    <ClInclude Include="CWavefront.h">
      <Filter>Header Files</Filter>
    </ClInclude>
    <ClInclude Include="CWavefrontManager.h">
      <Filter>Header Files</Filter>
    </ClInclude>
    <ClInclude Include="CPipelineState.h">
      <Filter>Header Files</Filter>
    </ClInclude>
    <ClInclude Include="CDescriptorRange.h">
      <Filter>Header Files</Filter>
    </ClInclude>
    <ClInclude Include="CRootSignature.h">
      <Filter>Header Files</Filter>
    </ClInclude>
    <ClInclude Include="CShaderBinary.h">
      <Filter>Header Files</Filter>
    </ClInclude>
    <ClInclude Include="CShaderHeap.h">
      <Filter>Header Files</Filter>
    </ClInclude>
    <ClInclude Include="CVertexBuffer.h">
      <Filter>Header Files</Filter>
    </ClInclude>
    <ClInclude Include="CTexture.h">
      <Filter>Header Files</Filter>
    </ClInclude>
    <ClInclude Include="CTextureManager.h">
      <Filter>Header Files</Filter>
    </ClInclude>
    <ClInclude Include="CIndexBuffer.h">
      <Filter>Header Files</Filter>
    </ClInclude>
    <ClInclude Include="CButton.h">
      <Filter>Header Files</Filter>
    </ClInclude>
    <ClInclude Include="CImage.h">
      <Filter>Header Files</Filter>
    </ClInclude>
    <ClInclude Include="CMouseDevice.h">
      <Filter>Header Files</Filter>
    </ClInclude>
    <ClInclude Include="CKeyboardDevice.h">
      <Filter>Header Files</Filter>
    </ClInclude>
    <ClInclude Include="CKeyMap.h">
      <Filter>Header Files</Filter>
    </ClInclude>
    <ClInclude Include="CBoundBox.h">
      <Filter>Header Files</Filter>
    </ClInclude>
    <ClInclude Include="COverhead.h">
      <Filter>Header Files</Filter>
    </ClInclude>
    <ClInclude Include="CConsole.h">
      <Filter>Header Files</Filter>
    </ClInclude>
    <ClInclude Include="CButtonManager.h">
      <Filter>Header Files</Filter>
    </ClInclude>
    <ClInclude Include="CShadowMap.h">
      <Filter>Header Files</Filter>
    </ClInclude>
    <ClInclude Include="CSound.h">
      <Filter>Header Files</Filter>
    </ClInclude>
    <ClInclude Include="CSound3D.h">
      <Filter>Header Files</Filter>
    </ClInclude>
    <ClInclude Include="CSoundDevice.h">
      <Filter>Header Files</Filter>
    </ClInclude>
    <ClInclude Include="CSoundManager.h">
      <Filter>Header Files</Filter>
    </ClInclude>
    <ClInclude Include="CWavFileHeader.h">
      <Filter>Header Files</Filter>
    </ClInclude>
    <ClInclude Include="CWavLoader.h">
      <Filter>Header Files</Filter>
    </ClInclude>
    <ClInclude Include="CStaticSampler.h">
      <Filter>Header Files</Filter>
    </ClInclude>
    <ClInclude Include="CConstantBuffer.h">
      <Filter>Header Files</Filter>
    </ClInclude>
    <ClInclude Include="CVideoDevice.h">
      <Filter>Header Files</Filter>
    </ClInclude>
    <ClInclude Include="CTextInput.h">
      <Filter>Header Files</Filter>
    </ClInclude>
    <ClInclude Include="CPanel.h">
      <Filter>Header Files</Filter>
    </ClInclude>
    <ClInclude Include="CGlyphFixed.h">
      <Filter>Header Files</Filter>
    </ClInclude>
    <ClInclude Include="CGlyphText.h">
      <Filter>Header Files</Filter>
    </ClInclude>
    <ClInclude Include="CGlyphVariable.h">
      <Filter>Header Files</Filter>
    </ClInclude>
    <ClInclude Include="CGlyphVertices.h">
      <Filter>Header Files</Filter>
    </ClInclude>
    <ClInclude Include="CMap.h">
      <Filter>Header Files</Filter>
    </ClInclude>
    <ClInclude Include="CShader.h">
      <Filter>Header Files</Filter>
    </ClInclude>
    <ClInclude Include="CRootParameter.h">
      <Filter>Header Files</Filter>
    </ClInclude>
    <ClInclude Include="CShaderBinaryManager.h">
      <Filter>Header Files</Filter>
    </ClInclude>
    <ClInclude Include="CWICLoader.h">
      <Filter>Header Files</Filter>
    </ClInclude>
    <ClInclude Include="CLight.h">
      <Filter>Header Files</Filter>
    </ClInclude>
    <ClInclude Include="CCommandAllocator.h">
      <Filter>Header Files</Filter>
    </ClInclude>
    <ClInclude Include="CGlyphTextResource.h">
      <Filter>Header Files</Filter>
    </ClInclude>
    <ClInclude Include="CSurface.h">
      <Filter>Header Files</Filter>
    </ClInclude>
    <ClInclude Include="CPointer.h">
      <Filter>Header Files</Filter>
    </ClInclude>
    <ClInclude Include="CDXGINames.h">
      <Filter>Header Files</Filter>
    </ClInclude>
    <ClInclude Include="CPlayer.h">
      <Filter>Header Files</Filter>
    </ClInclude>
  </ItemGroup>
  <ItemGroup>
    <ClCompile Include="GameClient.cpp">
      <Filter>Source Files</Filter>
    </ClCompile>
    <ClCompile Include="CGraphicsAdapter.cpp">
      <Filter>Source Files</Filter>
    </ClCompile>
    <ClCompile Include="CD3D11On12.cpp">
      <Filter>Source Files</Filter>
    </ClCompile>
    <ClCompile Include="CDepthBuffer.cpp">
      <Filter>Source Files</Filter>
    </ClCompile>
    <ClCompile Include="CRenderTarget.cpp">
      <Filter>Source Files</Filter>
    </ClCompile>
    <ClCompile Include="CViewport.cpp">
      <Filter>Source Files</Filter>
    </ClCompile>
    <ClCompile Include="CCommandListGroup.cpp">
      <Filter>Source Files</Filter>
    </ClCompile>
    <ClCompile Include="CFont.cpp">
      <Filter>Source Files</Filter>
    </ClCompile>
    <ClCompile Include="CFontManager.cpp">
      <Filter>Source Files</Filter>
    </ClCompile>
    <ClCompile Include="CClient.cpp">
      <Filter>Source Files</Filter>
    </ClCompile>
    <ClCompile Include="CTerrain.cpp">
      <Filter>Source Files</Filter>
    </ClCompile>
    <ClCompile Include="CObject.cpp">
      <Filter>Source Files</Filter>
    </ClCompile>
    <ClCompile Include="CWavefront.cpp">
      <Filter>Source Files</Filter>
    </ClCompile>
    <ClCompile Include="CWavefrontManager.cpp">
      <Filter>Source Files</Filter>
    </ClCompile>
    <ClCompile Include="CPipelineState.cpp">
      <Filter>Source Files</Filter>
    </ClCompile>
    <ClCompile Include="CDescriptorRange.cpp">
      <Filter>Source Files</Filter>
    </ClCompile>
    <ClCompile Include="CRootSignature.cpp">
      <Filter>Source Files</Filter>
    </ClCompile>
    <ClCompile Include="CShaderBinary.cpp">
      <Filter>Source Files</Filter>
    </ClCompile>
    <ClCompile Include="CShaderHeap.cpp">
      <Filter>Source Files</Filter>
    </ClCompile>
    <ClCompile Include="CVertexBuffer.cpp">
      <Filter>Source Files</Filter>
    </ClCompile>
    <ClCompile Include="CTexture.cpp">
      <Filter>Source Files</Filter>
    </ClCompile>
    <ClCompile Include="CTextureManager.cpp">
      <Filter>Source Files</Filter>
    </ClCompile>
    <ClCompile Include="CIndexBuffer.cpp">
      <Filter>Source Files</Filter>
    </ClCompile>
    <ClCompile Include="CButton.cpp">
      <Filter>Source Files</Filter>
    </ClCompile>
    <ClCompile Include="CImage.cpp">
      <Filter>Source Files</Filter>
    </ClCompile>
    <ClCompile Include="CMouseDevice.cpp">
      <Filter>Source Files</Filter>
    </ClCompile>
    <ClCompile Include="CKeyboardDevice.cpp">
      <Filter>Source Files</Filter>
    </ClCompile>
    <ClCompile Include="CKeyMap.cpp">
      <Filter>Source Files</Filter>
    </ClCompile>
    <ClCompile Include="CBoundBox.cpp">
      <Filter>Source Files</Filter>
    </ClCompile>
    <ClCompile Include="COverhead.cpp">
      <Filter>Source Files</Filter>
    </ClCompile>
    <ClCompile Include="CConsole.cpp">
      <Filter>Source Files</Filter>
    </ClCompile>
    <ClCompile Include="CButtonManager.cpp">
      <Filter>Source Files</Filter>
    </ClCompile>
    <ClCompile Include="CShadowMap.cpp">
      <Filter>Source Files</Filter>
    </ClCompile>
    <ClCompile Include="CSound.cpp">
      <Filter>Source Files</Filter>
    </ClCompile>
    <ClCompile Include="CSound3D.cpp">
      <Filter>Source Files</Filter>
    </ClCompile>
    <ClCompile Include="CSoundDevice.cpp">
      <Filter>Source Files</Filter>
    </ClCompile>
    <ClCompile Include="CSoundManager.cpp">
      <Filter>Source Files</Filter>
    </ClCompile>
    <ClCompile Include="CWavFileHeader.cpp">
      <Filter>Source Files</Filter>
    </ClCompile>
    <ClCompile Include="CWavLoader.cpp">
      <Filter>Source Files</Filter>
    </ClCompile>
    <ClCompile Include="CStaticSampler.cpp">
      <Filter>Source Files</Filter>
    </ClCompile>
    <ClCompile Include="CConstantBuffer.cpp">
      <Filter>Source Files</Filter>
    </ClCompile>
    <ClCompile Include="CVideoDevice.cpp">
      <Filter>Source Files</Filter>
    </ClCompile>
    <ClCompile Include="CTextInput.cpp">
      <Filter>Source Files</Filter>
    </ClCompile>
    <ClCompile Include="CPanel.cpp">
      <Filter>Source Files</Filter>
    </ClCompile>
    <ClCompile Include="CGlyphFixed.cpp">
      <Filter>Source Files</Filter>
    </ClCompile>
    <ClCompile Include="CGlyphText.cpp">
      <Filter>Source Files</Filter>
    </ClCompile>
    <ClCompile Include="CGlyphVariable.cpp">
      <Filter>Source Files</Filter>
    </ClCompile>
    <ClCompile Include="CGlyphVertices.cpp">
      <Filter>Source Files</Filter>
    </ClCompile>
    <ClCompile Include="CMap.cpp">
      <Filter>Source Files</Filter>
    </ClCompile>
    <ClCompile Include="CShader.cpp">
      <Filter>Source Files</Filter>
    </ClCompile>
    <ClCompile Include="CRootParameter.cpp">
      <Filter>Source Files</Filter>
    </ClCompile>
    <ClCompile Include="CShaderBinaryManager.cpp">
      <Filter>Source Files</Filter>
    </ClCompile>
    <ClCompile Include="CWICLoader.cpp">
      <Filter>Source Files</Filter>
    </ClCompile>
    <ClCompile Include="CLight.cpp">
      <Filter>Source Files</Filter>
    </ClCompile>
    <ClCompile Include="CCommandAllocator.cpp">
      <Filter>Source Files</Filter>
    </ClCompile>
    <ClCompile Include="CGlyphTextResource.cpp">
      <Filter>Source Files</Filter>
    </ClCompile>
    <ClCompile Include="CSurface.cpp">
      <Filter>Source Files</Filter>
    </ClCompile>
    <ClCompile Include="CPointer.cpp">
      <Filter>Source Files</Filter>
    </ClCompile>
    <ClCompile Include="CDXGINames.cpp">
      <Filter>Source Files</Filter>
    </ClCompile>
    <ClCompile Include="CPlayer.cpp">
      <Filter>Source Files</Filter>
    </ClCompile>
  </ItemGroup>
  <ItemGroup>
    <ResourceCompile Include="GameClient.rc">
      <Filter>Resource Files</Filter>
    </ResourceCompile>
  </ItemGroup>
  <ItemGroup>
    <None Include="packages.config" />
    <None Include="..\..\..\Documents\website\public_html\game\lobby.html">
      <Filter>_Html</Filter>
    </None>
    <None Include="..\..\..\Documents\website\public_html\game\login.html">
      <Filter>_Html</Filter>
    </None>
    <None Include="..\..\..\Documents\website\public_html\game\video.html">
      <Filter>_Html</Filter>
    </None>
  </ItemGroup>
  <ItemGroup>
    <Natvis Include="$(MSBuildThisFileDirectory)..\..\natvis\wil.natvis" />
  </ItemGroup>
  <ItemGroup>
    <FxCompile Include="..\Game\shaders\mipMap.cp">
      <Filter>_Shaders</Filter>
    </FxCompile>
    <FxCompile Include="..\Game\shaders\client.ps">
      <Filter>_Shaders</Filter>
    </FxCompile>
    <FxCompile Include="..\Game\shaders\image.ps">
      <Filter>_Shaders</Filter>
    </FxCompile>
    <FxCompile Include="..\Game\shaders\map.ps">
      <Filter>_Shaders</Filter>
    </FxCompile>
    <FxCompile Include="..\Game\shaders\shadows.ps">
      <Filter>_Shaders</Filter>
    </FxCompile>
    <FxCompile Include="..\Game\shaders\static.ps">
      <Filter>_Shaders</Filter>
    </FxCompile>
    <FxCompile Include="..\Game\shaders\terrain.ps">
      <Filter>_Shaders</Filter>
    </FxCompile>
    <FxCompile Include="..\Game\shaders\client.vs">
      <Filter>_Shaders</Filter>
    </FxCompile>
    <FxCompile Include="..\Game\shaders\image.vs">
      <Filter>_Shaders</Filter>
    </FxCompile>
    <FxCompile Include="..\Game\shaders\map.vs">
      <Filter>_Shaders</Filter>
    </FxCompile>
    <FxCompile Include="..\Game\shaders\shadows.vs">
      <Filter>_Shaders</Filter>
    </FxCompile>
    <FxCompile Include="..\Game\shaders\static.vs">
      <Filter>_Shaders</Filter>
    </FxCompile>
    <FxCompile Include="..\Game\shaders\terrain.vs">
      <Filter>_Shaders</Filter>
    </FxCompile>
    <FxCompile Include="..\Game\shaders\collectable.ps">
      <Filter>_Shaders</Filter>
    </FxCompile>
    <FxCompile Include="..\Game\shaders\collectable.vs">
      <Filter>_Shaders</Filter>
    </FxCompile>
    <FxCompile Include="..\Game\shaders\image.hlsl">
      <Filter>_Shaders</Filter>
    </FxCompile>
    <FxCompile Include="..\Game\shaders\shadows.hlsl">
      <Filter>_Shaders</Filter>
    </FxCompile>
    <FxCompile Include="..\Game\shaders\samplers.hlsl">
      <Filter>_Shaders</Filter>
    </FxCompile>
    <FxCompile Include="..\Game\shaders\common.hlsl">
      <Filter>_Shaders</Filter>
    </FxCompile>
  </ItemGroup>
  <ItemGroup>
    <Image Include="..\Game\engine.ico">
      <Filter>Resource Files</Filter>
    </Image>
    <Image Include="..\Game\engines.ico">
      <Filter>Resource Files</Filter>
    </Image>
  </ItemGroup>
</Project>