<?xml version="1.0" encoding="utf-8"?>
<Project ToolsVersion="4.0" xmlns="http://schemas.microsoft.com/developer/msbuild/2003">
  <ItemGroup>
    <Filter Include="Source Files">
      <UniqueIdentifier>{4FC737F1-C7A5-4376-A066-2A32D752A2FF}</UniqueIdentifier>
      <Extensions>cpp;c;cc;cxx;c++;cppm;ixx;def;odl;idl;hpj;bat;asm;asmx</Extensions>
    </Filter>
    <Filter Include="Header Files">
      <UniqueIdentifier>{93995380-89BD-4b04-88EB-625FBE52EBFB}</UniqueIdentifier>
      <Extensions>h;hh;hpp;hxx;h++;hm;inl;inc;ipp;xsd</Extensions>
    </Filter>
    <Filter Include="Resource Files">
      <UniqueIdentifier>{67DA6AB6-F800-4c08-8B7A-83BB121AAD01}</UniqueIdentifier>
      <Extensions>rc;ico;cur;bmp;dlg;rc2;rct;bin;rgs;gif;jpg;jpeg;jpe;resx;tiff;tif;png;wav;mfcribbon-ms</Extensions>
    </Filter>
  </ItemGroup>
  <ItemGroup>
    <ClInclude Include="framework.h">
      <Filter>Header Files</Filter>
    </ClInclude>
    <ClInclude Include="targetver.h">
      <Filter>Header Files</Filter>
    </ClInclude>
    <ClInclude Include="Resource.h">
      <Filter>Header Files</Filter>
    </ClInclude>
    <ClInclude Include="GameClient.h">
      <Filter>Header Files</Filter>
    </ClInclude>
    <ClInclude Include="CVideoDevice.h">
      <Filter>Header Files</Filter>
    </ClInclude>
    <ClInclude Include="CColor.h">
      <Filter>Header Files</Filter>
    </ClInclude>
    <ClInclude Include="CD3D11On12.h">
      <Filter>Header Files</Filter>
    </ClInclude>
    <ClInclude Include="CDepthBuffer.h">
      <Filter>Header Files</Filter>
    </ClInclude>
    <ClInclude Include="CErrorLog.h">
      <Filter>Header Files</Filter>
    </ClInclude>
    <ClInclude Include="CRenderTarget.h">
      <Filter>Header Files</Filter>
    </ClInclude>
    <ClInclude Include="CViewport.h">
      <Filter>Header Files</Filter>
    </ClInclude>
    <ClInclude Include="CComError.h">
      <Filter>Header Files</Filter>
    </ClInclude>
    <ClInclude Include="CDXGIError.h">
      <Filter>Header Files</Filter>
    </ClInclude>
    <ClInclude Include="CDXGIErrorItem.h">
      <Filter>Header Files</Filter>
    </ClInclude>
    <ClInclude Include="CString.h">
      <Filter>Header Files</Filter>
    </ClInclude>
    <ClInclude Include="CLinkList.h">
      <Filter>Header Files</Filter>
    </ClInclude>
    <ClInclude Include="CLinkListNode.h">
      <Filter>Header Files</Filter>
    </ClInclude>
    <ClInclude Include="CWinsockError.h">
      <Filter>Header Files</Filter>
    </ClInclude>
    <ClInclude Include="CWinsockErrorItem.h">
      <Filter>Header Files</Filter>
    </ClInclude>
    <ClInclude Include="CCommandListBundle.h">
      <Filter>Header Files</Filter>
    </ClInclude>
    <ClInclude Include="CFrametime.h">
      <Filter>Header Files</Filter>
    </ClInclude>
    <ClInclude Include="CVertex.h">
      <Filter>Header Files</Filter>
    </ClInclude>
    <ClInclude Include="CFont.h">
      <Filter>Header Files</Filter>
    </ClInclude>
    <ClInclude Include="CFontManager.h">
      <Filter>Header Files</Filter>
    </ClInclude>
    <ClInclude Include="CClient.h">
      <Filter>Header Files</Filter>
    </ClInclude>
    <ClInclude Include="CNetwork.h">
      <Filter>Header Files</Filter>
    </ClInclude>
    <ClInclude Include="CServerInfo.h">
      <Filter>Header Files</Filter>
    </ClInclude>
    <ClInclude Include="CTerrain.h">
      <Filter>Header Files</Filter>
    </ClInclude>
    <ClInclude Include="CVisibility.h">
      <Filter>Header Files</Filter>
    </ClInclude>
    <ClInclude Include="CHeapAllocator.h">
      <Filter>Header Files</Filter>
    </ClInclude>
    <ClInclude Include="CHeapArray.h">
      <Filter>Header Files</Filter>
    </ClInclude>
    <ClInclude Include="CModel.h">
      <Filter>Header Files</Filter>
    </ClInclude>
    <ClInclude Include="CModelManager.h">
      <Filter>Header Files</Filter>
    </ClInclude>
    <ClInclude Include="CObject.h">
      <Filter>Header Files</Filter>
    </ClInclude>
    <ClInclude Include="CWavefront.h">
      <Filter>Header Files</Filter>
    </ClInclude>
    <ClInclude Include="CWavefrontManager.h">
      <Filter>Header Files</Filter>
    </ClInclude>
    <ClInclude Include="CTimer.h">
      <Filter>Header Files</Filter>
    </ClInclude>
    <ClInclude Include="..\GameServer\CCamera.h">
      <Filter>Header Files</Filter>
    </ClInclude>
    <ClInclude Include="CFloat4x4Buffer.h">
      <Filter>Header Files</Filter>
    </ClInclude>
    <ClInclude Include="CFloatBuffer.h">
      <Filter>Header Files</Filter>
    </ClInclude>
    <ClInclude Include="CMaterial.h">
      <Filter>Header Files</Filter>
    </ClInclude>
    <ClInclude Include="CPipelineState.h">
      <Filter>Header Files</Filter>
    </ClInclude>
    <ClInclude Include="CDescriptorRange.h">
      <Filter>Header Files</Filter>
    </ClInclude>
    <ClInclude Include="CRootSignature.h">
      <Filter>Header Files</Filter>
    </ClInclude>
    <ClInclude Include="CShader.h">
      <Filter>Header Files</Filter>
    </ClInclude>
    <ClInclude Include="CShaderHeap.h">
      <Filter>Header Files</Filter>
    </ClInclude>
    <ClInclude Include="CShaderManager.h">
      <Filter>Header Files</Filter>
    </ClInclude>
    <ClInclude Include="CVertexBuffer.h">
      <Filter>Header Files</Filter>
    </ClInclude>
    <ClInclude Include="CIntBuffer.h">
      <Filter>Header Files</Filter>
    </ClInclude>
    <ClInclude Include="CConstantBuffer.h">
      <Filter>Header Files</Filter>
    </ClInclude>
    <ClInclude Include="CBmpImage.h">
      <Filter>Header Files</Filter>
    </ClInclude>
    <ClInclude Include="CTexture.h">
      <Filter>Header Files</Filter>
    </ClInclude>
    <ClInclude Include="CTextureManager.h">
      <Filter>Header Files</Filter>
    </ClInclude>
    <ClInclude Include="CTgaImage.h">
      <Filter>Header Files</Filter>
    </ClInclude>
    <ClInclude Include="CShaderResourceView.h">
      <Filter>Header Files</Filter>
    </ClInclude>
    <ClInclude Include="CIndexBuffer.h">
      <Filter>Header Files</Filter>
    </ClInclude>
    <ClInclude Include="CTerrainTile.h">
      <Filter>Header Files</Filter>
    </ClInclude>
    <ClInclude Include="CMesh.h">
      <Filter>Header Files</Filter>
    </ClInclude>
    <ClInclude Include="CButton.h">
      <Filter>Header Files</Filter>
    </ClInclude>
    <ClInclude Include="CImage.h">
      <Filter>Header Files</Filter>
    </ClInclude>
    <ClInclude Include="CSound.h">
      <Filter>Header Files</Filter>
    </ClInclude>
    <ClInclude Include="CSound3D.h">
      <Filter>Header Files</Filter>
    </ClInclude>
    <ClInclude Include="CSoundDevice.h">
      <Filter>Header Files</Filter>
    </ClInclude>
    <ClInclude Include="CSoundManager.h">
      <Filter>Header Files</Filter>
    </ClInclude>
    <ClInclude Include="CWavLoader.h">
      <Filter>Header Files</Filter>
    </ClInclude>
    <ClInclude Include="CWavFileHeader.h">
      <Filter>Header Files</Filter>
    </ClInclude>
    <ClInclude Include="CMouseDevice.h">
      <Filter>Header Files</Filter>
    </ClInclude>
    <ClInclude Include="CKeyboardDevice.h">
      <Filter>Header Files</Filter>
    </ClInclude>
    <ClInclude Include="CKeyMap.h">
      <Filter>Header Files</Filter>
    </ClInclude>
    <ClInclude Include="CBoundBox.h">
      <Filter>Header Files</Filter>
    </ClInclude>
    <ClInclude Include="COverhead.h">
      <Filter>Header Files</Filter>
    </ClInclude>
    <ClInclude Include="CChatBox.h">
      <Filter>Header Files</Filter>
    </ClInclude>
    <ClInclude Include="CButtonManager.h">
      <Filter>Header Files</Filter>
    </ClInclude>
    <ClInclude Include="CXAudio2Error.h">
      <Filter>Header Files</Filter>
    </ClInclude>
    <ClInclude Include="CXAudio2ErrorItem.h">
      <Filter>Header Files</Filter>
    </ClInclude>
    <ClInclude Include="CShadowMap.h">
      <Filter>Header Files</Filter>
    </ClInclude>
    <ClInclude Include="CDescriptorTable.h">
      <Filter>Header Files</Filter>
    </ClInclude>
  </ItemGroup>
  <ItemGroup>
    <ClCompile Include="GameClient.cpp">
      <Filter>Source Files</Filter>
    </ClCompile>
    <ClCompile Include="CVideoDevice.cpp">
      <Filter>Source Files</Filter>
    </ClCompile>
    <ClCompile Include="CColor.cpp">
      <Filter>Source Files</Filter>
    </ClCompile>
    <ClCompile Include="CD3D11On12.cpp">
      <Filter>Source Files</Filter>
    </ClCompile>
    <ClCompile Include="CDepthBuffer.cpp">
      <Filter>Source Files</Filter>
    </ClCompile>
    <ClCompile Include="CErrorLog.cpp">
      <Filter>Source Files</Filter>
    </ClCompile>
    <ClCompile Include="CRenderTarget.cpp">
      <Filter>Source Files</Filter>
    </ClCompile>
    <ClCompile Include="CViewport.cpp">
      <Filter>Source Files</Filter>
    </ClCompile>
    <ClCompile Include="CComError.cpp">
      <Filter>Source Files</Filter>
    </ClCompile>
    <ClCompile Include="CDXGIError.cpp">
      <Filter>Source Files</Filter>
    </ClCompile>
    <ClCompile Include="CDXGIErrorItem.cpp">
      <Filter>Source Files</Filter>
    </ClCompile>
    <ClCompile Include="CString.cpp">
      <Filter>Source Files</Filter>
    </ClCompile>
    <ClCompile Include="CLinkList.cpp">
      <Filter>Source Files</Filter>
    </ClCompile>
    <ClCompile Include="CLinkListNode.cpp">
      <Filter>Source Files</Filter>
    </ClCompile>
    <ClCompile Include="CWinsockError.cpp">
      <Filter>Source Files</Filter>
    </ClCompile>
    <ClCompile Include="CWinsockErrorItem.cpp">
      <Filter>Source Files</Filter>
    </ClCompile>
    <ClCompile Include="CCommandListBundle.cpp">
      <Filter>Source Files</Filter>
    </ClCompile>
    <ClCompile Include="CFrametime.cpp">
      <Filter>Source Files</Filter>
    </ClCompile>
    <ClCompile Include="CVertex.cpp">
      <Filter>Source Files</Filter>
    </ClCompile>
    <ClCompile Include="CFont.cpp">
      <Filter>Source Files</Filter>
    </ClCompile>
    <ClCompile Include="CFontManager.cpp">
      <Filter>Source Files</Filter>
    </ClCompile>
    <ClCompile Include="CClient.cpp">
      <Filter>Source Files</Filter>
    </ClCompile>
    <ClCompile Include="CNetwork.cpp">
      <Filter>Source Files</Filter>
    </ClCompile>
    <ClCompile Include="CServerInfo.cpp">
      <Filter>Source Files</Filter>
    </ClCompile>
    <ClCompile Include="CTerrain.cpp">
      <Filter>Source Files</Filter>
    </ClCompile>
    <ClCompile Include="CVisibility.cpp">
      <Filter>Source Files</Filter>
    </ClCompile>
    <ClCompile Include="CHeapAllocator.cpp">
      <Filter>Source Files</Filter>
    </ClCompile>
    <ClCompile Include="CHeapArray.cpp">
      <Filter>Source Files</Filter>
    </ClCompile>
    <ClCompile Include="CModel.cpp">
      <Filter>Source Files</Filter>
    </ClCompile>
    <ClCompile Include="CModelManager.cpp">
      <Filter>Source Files</Filter>
    </ClCompile>
    <ClCompile Include="CObject.cpp">
      <Filter>Source Files</Filter>
    </ClCompile>
    <ClCompile Include="CWavefront.cpp">
      <Filter>Source Files</Filter>
    </ClCompile>
    <ClCompile Include="CWavefrontManager.cpp">
      <Filter>Source Files</Filter>
    </ClCompile>
    <ClCompile Include="CTimer.cpp">
      <Filter>Source Files</Filter>
    </ClCompile>
    <ClCompile Include="..\GameServer\CCamera.cpp">
      <Filter>Source Files</Filter>
    </ClCompile>
    <ClCompile Include="CFloat4x4Buffer.cpp">
      <Filter>Source Files</Filter>
    </ClCompile>
    <ClCompile Include="CFloatBuffer.cpp">
      <Filter>Source Files</Filter>
    </ClCompile>
    <ClCompile Include="CMaterial.cpp">
      <Filter>Source Files</Filter>
    </ClCompile>
    <ClCompile Include="CPipelineState.cpp">
      <Filter>Source Files</Filter>
    </ClCompile>
    <ClCompile Include="CDescriptorRange.cpp">
      <Filter>Source Files</Filter>
    </ClCompile>
    <ClCompile Include="CRootSignature.cpp">
      <Filter>Source Files</Filter>
    </ClCompile>
    <ClCompile Include="CShader.cpp">
      <Filter>Source Files</Filter>
    </ClCompile>
    <ClCompile Include="CShaderHeap.cpp">
      <Filter>Source Files</Filter>
    </ClCompile>
    <ClCompile Include="CShaderManager.cpp">
      <Filter>Source Files</Filter>
    </ClCompile>
    <ClCompile Include="CVertexBuffer.cpp">
      <Filter>Source Files</Filter>
    </ClCompile>
    <ClCompile Include="CIntBuffer.cpp">
      <Filter>Source Files</Filter>
    </ClCompile>
    <ClCompile Include="CConstantBuffer.cpp">
      <Filter>Source Files</Filter>
    </ClCompile>
    <ClCompile Include="CBmpImage.cpp">
      <Filter>Source Files</Filter>
    </ClCompile>
    <ClCompile Include="CTexture.cpp">
      <Filter>Source Files</Filter>
    </ClCompile>
    <ClCompile Include="CTextureManager.cpp">
      <Filter>Source Files</Filter>
    </ClCompile>
    <ClCompile Include="CTgaImage.cpp">
      <Filter>Source Files</Filter>
    </ClCompile>
    <ClCompile Include="CShaderResourceView.cpp">
      <Filter>Source Files</Filter>
    </ClCompile>
    <ClCompile Include="CIndexBuffer.cpp">
      <Filter>Source Files</Filter>
    </ClCompile>
    <ClCompile Include="CTerrainTile.cpp">
      <Filter>Source Files</Filter>
    </ClCompile>
    <ClCompile Include="CMesh.cpp">
      <Filter>Source Files</Filter>
    </ClCompile>
    <ClCompile Include="CButton.cpp">
      <Filter>Source Files</Filter>
    </ClCompile>
    <ClCompile Include="CImage.cpp">
      <Filter>Source Files</Filter>
    </ClCompile>
    <ClCompile Include="CSound.cpp">
      <Filter>Source Files</Filter>
    </ClCompile>
    <ClCompile Include="CSound3D.cpp">
      <Filter>Source Files</Filter>
    </ClCompile>
    <ClCompile Include="CSoundDevice.cpp">
      <Filter>Source Files</Filter>
    </ClCompile>
    <ClCompile Include="CSoundManager.cpp">
      <Filter>Source Files</Filter>
    </ClCompile>
    <ClCompile Include="CWavLoader.cpp">
      <Filter>Source Files</Filter>
    </ClCompile>
    <ClCompile Include="CWavFileHeader.cpp">
      <Filter>Source Files</Filter>
    </ClCompile>
    <ClCompile Include="CMouseDevice.cpp">
      <Filter>Source Files</Filter>
    </ClCompile>
    <ClCompile Include="CKeyboardDevice.cpp">
      <Filter>Source Files</Filter>
    </ClCompile>
    <ClCompile Include="CKeyMap.cpp">
      <Filter>Source Files</Filter>
    </ClCompile>
    <ClCompile Include="CBoundBox.cpp">
      <Filter>Source Files</Filter>
    </ClCompile>
    <ClCompile Include="COverhead.cpp">
      <Filter>Source Files</Filter>
    </ClCompile>
    <ClCompile Include="CChatBox.cpp">
      <Filter>Source Files</Filter>
    </ClCompile>
    <ClCompile Include="CButtonManager.cpp">
      <Filter>Source Files</Filter>
    </ClCompile>
    <ClCompile Include="CXAudio2Error.cpp">
      <Filter>Source Files</Filter>
    </ClCompile>
    <ClCompile Include="CXAudio2ErrorItem.cpp">
      <Filter>Source Files</Filter>
    </ClCompile>
    <ClCompile Include="CShadowMap.cpp">
      <Filter>Source Files</Filter>
    </ClCompile>
    <ClCompile Include="CDescriptorTable.cpp">
      <Filter>Source Files</Filter>
    </ClCompile>
  </ItemGroup>
  <ItemGroup>
    <ResourceCompile Include="GameClient.rc">
      <Filter>Resource Files</Filter>
    </ResourceCompile>
  </ItemGroup>
  <ItemGroup>
    <Image Include="small.ico">
      <Filter>Resource Files</Filter>
    </Image>
    <Image Include="GameClient.ico">
      <Filter>Resource Files</Filter>
    </Image>
  </ItemGroup>
  <ItemGroup>
    <Text Include="clientLog.txt">
      <Filter>Resource Files</Filter>
    </Text>
  </ItemGroup>
  <ItemGroup>
    <None Include="packages.config" />
  </ItemGroup>
  <ItemGroup>
    <Natvis Include="$(MSBuildThisFileDirectory)..\..\natvis\wil.natvis" />
  </ItemGroup>
  <ItemGroup>
    <FxCompile Include="pixelImage.hlsl" />
    <FxCompile Include="pixelClient.hlsl" />
    <FxCompile Include="pixelTerrain.hlsl" />
    <FxCompile Include="vertexClient.hlsl" />
    <FxCompile Include="vertexImage.hlsl" />
    <FxCompile Include="vertexTerrain.hlsl" />
    <FxCompile Include="pixelShadow.hlsl" />
    <FxCompile Include="vertexShadow.hlsl" />
  </ItemGroup>
</Project>